
Microsoft Visual Studio Solution File, Format Version 12.00
# Visual Studio Version 17
VisualStudioVersion = 17.14.36414.22
MinimumVisualStudioVersion = 10.0.40219.1
Project("{8BC9CEB8-8B4A-11D0-8D11-00A0C91BC942}") = "test", "test\test.vcxproj", "{41A4E831-E6E8-487B-A06F-B5E9B06294CB}"
EndProject
Project("{8BC9CEB8-8B4A-11D0-8D11-00A0C91BC942}") = "Myfrist", "Myfrist\Myfrist.vcxproj", "{AA5C05F9-ED29-4690-855A-E4B53DBBBD74}"
EndProject
Project("{8BC9CEB8-8B4A-11D0-8D11-00A0C91BC942}") = "chap07", "chap07\chap07.vcxproj", "{29573BAF-6EE0-40E8-A598-92762A196211}"
EndProject
Global
	GlobalSection(SolutionConfigurationPlatforms) = preSolution
		Debug|x64 = Debug|x64
		Debug|x86 = Debug|x86
		Release|x64 = Release|x64
		Release|x86 = Release|x86
	EndGlobalSection
	GlobalSection(ProjectConfigurationPlatforms) = postSolution
		{41A4E831-E6E8-487B-A06F-B5E9B06294CB}.Debug|x64.ActiveCfg = Debug|x64
		{41A4E831-E6E8-487B-A06F-B5E9B06294CB}.Debug|x64.Build.0 = Debug|x64
		{41A4E831-E6E8-487B-A06F-B5E9B06294CB}.Debug|x86.ActiveCfg = Debug|Win32
		{41A4E831-E6E8-487B-A06F-B5E9B06294CB}.Debug|x86.Build.0 = Debug|Win32
		{41A4E831-E6E8-487B-A06F-B5E9B06294CB}.Release|x64.ActiveCfg = Release|x64
		{41A4E831-E6E8-487B-A06F-B5E9B06294CB}.Release|x64.Build.0 = Release|x64
		{41A4E831-E6E8-487B-A06F-B5E9B06294CB}.Release|x86.ActiveCfg = Release|Win32
		{41A4E831-E6E8-487B-A06F-B5E9B06294CB}.Release|x86.Build.0 = Release|Win32
		{AA5C05F9-ED29-4690-855A-E4B53DBBBD74}.Debug|x64.ActiveCfg = Debug|x64
		{AA5C05F9-ED29-4690-855A-E4B53DBBBD74}.Debug|x64.Build.0 = Debug|x64
		{AA5C05F9-ED29-4690-855A-E4B53DBBBD74}.Debug|x86.ActiveCfg = Debug|Win32
		{AA5C05F9-ED29-4690-855A-E4B53DBBBD74}.Debug|x86.Build.0 = Debug|Win32
		{AA5C05F9-ED29-4690-855A-E4B53DBBBD74}.Release|x64.ActiveCfg = Release|x64
		{AA5C05F9-ED29-4690-855A-E4B53DBBBD74}.Release|x64.Build.0 = Release|x64
		{AA5C05F9-ED29-4690-855A-E4B53DBBBD74}.Release|x86.ActiveCfg = Release|Win32
		{AA5C05F9-ED29-4690-855A-E4B53DBBBD74}.Release|x86.Build.0 = Release|Win32
		{29573BAF-6EE0-40E8-A598-92762A196211}.Debug|x64.ActiveCfg = Debug|x64
		{29573BAF-6EE0-40E8-A598-92762A196211}.Debug|x64.Build.0 = Debug|x64
		{29573BAF-6EE0-40E8-A598-92762A196211}.Debug|x86.ActiveCfg = Debug|Win32
		{29573BAF-6EE0-40E8-A598-92762A196211}.Debug|x86.Build.0 = Debug|Win32
		{29573BAF-6EE0-40E8-A598-92762A196211}.Release|x64.ActiveCfg = Release|x64
		{29573BAF-6EE0-40E8-A598-92762A196211}.Release|x64.Build.0 = Release|x64
		{29573BAF-6EE0-40E8-A598-92762A196211}.Release|x86.ActiveCfg = Release|Win32
		{29573BAF-6EE0-40E8-A598-92762A196211}.Release|x86.Build.0 = Release|Win32
	EndGlobalSection
	GlobalSection(SolutionProperties) = preSolution
		HideSolutionNode = FALSE
	EndGlobalSection
	GlobalSection(ExtensibilityGlobals) = postSolution
		SolutionGuid = {5F4E1A40-A45E-4E5C-B8F7-494DE678A2DC}
	EndGlobalSection
EndGlobal
